// !$*UTF8*$!
{
	archiveVersion = 1;
	classes = {
	};
	objectVersion = 56;
	objects = {

/* Begin PBXBuildFile section */
		1F5E48CD29AB5FD70073E735 /* AppDelegate.swift in Sources */ = {isa = PBXBuildFile; fileRef = 1F5E48CC29AB5FD70073E735 /* AppDelegate.swift */; };
		1F5E48CF29AB5FD70073E735 /* SceneDelegate.swift in Sources */ = {isa = PBXBuildFile; fileRef = 1F5E48CE29AB5FD70073E735 /* SceneDelegate.swift */; };
		1F5E48D129AB5FD70073E735 /* LaunchPage.swift in Sources */ = {isa = PBXBuildFile; fileRef = 1F5E48D029AB5FD70073E735 /* LaunchPage.swift */; };
		1F5E48D429AB5FD70073E735 /* Main.storyboard in Resources */ = {isa = PBXBuildFile; fileRef = 1F5E48D229AB5FD70073E735 /* Main.storyboard */; };
		1F5E48D729AB5FD70073E735 /* seasonalyze.xcdatamodeld in Sources */ = {isa = PBXBuildFile; fileRef = 1F5E48D529AB5FD70073E735 /* seasonalyze.xcdatamodeld */; };
		1F5E48D929AB5FDA0073E735 /* Assets.xcassets in Resources */ = {isa = PBXBuildFile; fileRef = 1F5E48D829AB5FDA0073E735 /* Assets.xcassets */; };
		1F5E48DC29AB5FDA0073E735 /* LaunchScreen.storyboard in Resources */ = {isa = PBXBuildFile; fileRef = 1F5E48DA29AB5FDA0073E735 /* LaunchScreen.storyboard */; };
		1F5E48E729AB5FDB0073E735 /* seasonalyzeTests.swift in Sources */ = {isa = PBXBuildFile; fileRef = 1F5E48E629AB5FDB0073E735 /* seasonalyzeTests.swift */; };
		1F5E48F129AB5FDB0073E735 /* seasonalyzeUITests.swift in Sources */ = {isa = PBXBuildFile; fileRef = 1F5E48F029AB5FDB0073E735 /* seasonalyzeUITests.swift */; };
		1F5E48F329AB5FDB0073E735 /* seasonalyzeUITestsLaunchTests.swift in Sources */ = {isa = PBXBuildFile; fileRef = 1F5E48F229AB5FDB0073E735 /* seasonalyzeUITestsLaunchTests.swift */; };
/* End PBXBuildFile section */

/* Begin PBXContainerItemProxy section */
		1F5E48E329AB5FDB0073E735 /* PBXContainerItemProxy */ = {
			isa = PBXContainerItemProxy;
			containerPortal = 1F5E48C129AB5FD70073E735 /* Project object */;
			proxyType = 1;
			remoteGlobalIDString = 1F5E48C829AB5FD70073E735;
			remoteInfo = seasonalyze;
		};
		1F5E48ED29AB5FDB0073E735 /* PBXContainerItemProxy */ = {
			isa = PBXContainerItemProxy;
			containerPortal = 1F5E48C129AB5FD70073E735 /* Project object */;
			proxyType = 1;
			remoteGlobalIDString = 1F5E48C829AB5FD70073E735;
			remoteInfo = seasonalyze;
		};
/* End PBXContainerItemProxy section */

/* Begin PBXFileReference section */
		1F5E48C929AB5FD70073E735 /* seasonalyze.app */ = {isa = PBXFileReference; explicitFileType = wrapper.application; includeInIndex = 0; path = seasonalyze.app; sourceTree = BUILT_PRODUCTS_DIR; };
		1F5E48CC29AB5FD70073E735 /* AppDelegate.swift */ = {isa = PBXFileReference; lastKnownFileType = sourcecode.swift; path = AppDelegate.swift; sourceTree = "<group>"; };
		1F5E48CE29AB5FD70073E735 /* SceneDelegate.swift */ = {isa = PBXFileReference; lastKnownFileType = sourcecode.swift; path = SceneDelegate.swift; sourceTree = "<group>"; };
		1F5E48D029AB5FD70073E735 /* LaunchPage.swift */ = {isa = PBXFileReference; lastKnownFileType = sourcecode.swift; path = LaunchPage.swift; sourceTree = "<group>"; };
		1F5E48D329AB5FD70073E735 /* Base */ = {isa = PBXFileReference; lastKnownFileType = file.storyboard; name = Base; path = Base.lproj/Main.storyboard; sourceTree = "<group>"; };
		1F5E48D629AB5FD70073E735 /* seasonalyze.xcdatamodel */ = {isa = PBXFileReference; lastKnownFileType = wrapper.xcdatamodel; path = seasonalyze.xcdatamodel; sourceTree = "<group>"; };
		1F5E48D829AB5FDA0073E735 /* Assets.xcassets */ = {isa = PBXFileReference; lastKnownFileType = folder.assetcatalog; path = Assets.xcassets; sourceTree = "<group>"; };
		1F5E48DB29AB5FDA0073E735 /* Base */ = {isa = PBXFileReference; lastKnownFileType = file.storyboard; name = Base; path = Base.lproj/LaunchScreen.storyboard; sourceTree = "<group>"; };
		1F5E48DD29AB5FDA0073E735 /* Info.plist */ = {isa = PBXFileReference; lastKnownFileType = text.plist.xml; path = Info.plist; sourceTree = "<group>"; };
		1F5E48E229AB5FDB0073E735 /* seasonalyzeTests.xctest */ = {isa = PBXFileReference; explicitFileType = wrapper.cfbundle; includeInIndex = 0; path = seasonalyzeTests.xctest; sourceTree = BUILT_PRODUCTS_DIR; };
		1F5E48E629AB5FDB0073E735 /* seasonalyzeTests.swift */ = {isa = PBXFileReference; lastKnownFileType = sourcecode.swift; path = seasonalyzeTests.swift; sourceTree = "<group>"; };
		1F5E48EC29AB5FDB0073E735 /* seasonalyzeUITests.xctest */ = {isa = PBXFileReference; explicitFileType = wrapper.cfbundle; includeInIndex = 0; path = seasonalyzeUITests.xctest; sourceTree = BUILT_PRODUCTS_DIR; };
		1F5E48F029AB5FDB0073E735 /* seasonalyzeUITests.swift */ = {isa = PBXFileReference; lastKnownFileType = sourcecode.swift; path = seasonalyzeUITests.swift; sourceTree = "<group>"; };
		1F5E48F229AB5FDB0073E735 /* seasonalyzeUITestsLaunchTests.swift */ = {isa = PBXFileReference; lastKnownFileType = sourcecode.swift; path = seasonalyzeUITestsLaunchTests.swift; sourceTree = "<group>"; };
/* End PBXFileReference section */

/* Begin PBXFrameworksBuildPhase section */
		1F5E48C629AB5FD70073E735 /* Frameworks */ = {
			isa = PBXFrameworksBuildPhase;
			buildActionMask = 2147483647;
			files = (
			);
			runOnlyForDeploymentPostprocessing = 0;
		};
		1F5E48DF29AB5FDB0073E735 /* Frameworks */ = {
			isa = PBXFrameworksBuildPhase;
			buildActionMask = 2147483647;
			files = (
			);
			runOnlyForDeploymentPostprocessing = 0;
		};
		1F5E48E929AB5FDB0073E735 /* Frameworks */ = {
			isa = PBXFrameworksBuildPhase;
			buildActionMask = 2147483647;
			files = (
			);
			runOnlyForDeploymentPostprocessing = 0;
		};
/* End PBXFrameworksBuildPhase section */

/* Begin PBXGroup section */
		1F5E48C029AB5FD70073E735 = {
			isa = PBXGroup;
			children = (
				1F5E48CB29AB5FD70073E735 /* seasonalyze */,
				1F5E48E529AB5FDB0073E735 /* seasonalyzeTests */,
				1F5E48EF29AB5FDB0073E735 /* seasonalyzeUITests */,
				1F5E48CA29AB5FD70073E735 /* Products */,
			);
			sourceTree = "<group>";
		};
		1F5E48CA29AB5FD70073E735 /* Products */ = {
			isa = PBXGroup;
			children = (
				1F5E48C929AB5FD70073E735 /* seasonalyze.app */,
				1F5E48E229AB5FDB0073E735 /* seasonalyzeTests.xctest */,
				1F5E48EC29AB5FDB0073E735 /* seasonalyzeUITests.xctest */,
			);
			name = Products;
			sourceTree = "<group>";
		};
		1F5E48CB29AB5FD70073E735 /* seasonalyze */ = {
			isa = PBXGroup;
			children = (
				1F5E48CC29AB5FD70073E735 /* AppDelegate.swift */,
				1F5E48CE29AB5FD70073E735 /* SceneDelegate.swift */,
				1F5E48D029AB5FD70073E735 /* LaunchPage.swift */,
				1F5E48D229AB5FD70073E735 /* Main.storyboard */,
				1F5E48D829AB5FDA0073E735 /* Assets.xcassets */,
				1F5E48DA29AB5FDA0073E735 /* LaunchScreen.storyboard */,
				1F5E48DD29AB5FDA0073E735 /* Info.plist */,
				1F5E48D529AB5FD70073E735 /* seasonalyze.xcdatamodeld */,
			);
			path = seasonalyze;
			sourceTree = "<group>";
		};
		1F5E48E529AB5FDB0073E735 /* seasonalyzeTests */ = {
			isa = PBXGroup;
			children = (
				1F5E48E629AB5FDB0073E735 /* seasonalyzeTests.swift */,
			);
			path = seasonalyzeTests;
			sourceTree = "<group>";
		};
		1F5E48EF29AB5FDB0073E735 /* seasonalyzeUITests */ = {
			isa = PBXGroup;
			children = (
				1F5E48F029AB5FDB0073E735 /* seasonalyzeUITests.swift */,
				1F5E48F229AB5FDB0073E735 /* seasonalyzeUITestsLaunchTests.swift */,
			);
			path = seasonalyzeUITests;
			sourceTree = "<group>";
		};
/* End PBXGroup section */

/* Begin PBXNativeTarget section */
		1F5E48C829AB5FD70073E735 /* seasonalyze */ = {
			isa = PBXNativeTarget;
			buildConfigurationList = 1F5E48F629AB5FDB0073E735 /* Build configuration list for PBXNativeTarget "seasonalyze" */;
			buildPhases = (
				1F5E48C529AB5FD70073E735 /* Sources */,
				1F5E48C629AB5FD70073E735 /* Frameworks */,
				1F5E48C729AB5FD70073E735 /* Resources */,
			);
			buildRules = (
			);
			dependencies = (
			);
			name = seasonalyze;
			productName = seasonalyze;
			productReference = 1F5E48C929AB5FD70073E735 /* seasonalyze.app */;
			productType = "com.apple.product-type.application";
		};
		1F5E48E129AB5FDB0073E735 /* seasonalyzeTests */ = {
			isa = PBXNativeTarget;
			buildConfigurationList = 1F5E48F929AB5FDB0073E735 /* Build configuration list for PBXNativeTarget "seasonalyzeTests" */;
			buildPhases = (
				1F5E48DE29AB5FDB0073E735 /* Sources */,
				1F5E48DF29AB5FDB0073E735 /* Frameworks */,
				1F5E48E029AB5FDB0073E735 /* Resources */,
			);
			buildRules = (
			);
			dependencies = (
				1F5E48E429AB5FDB0073E735 /* PBXTargetDependency */,
			);
			name = seasonalyzeTests;
			productName = seasonalyzeTests;
			productReference = 1F5E48E229AB5FDB0073E735 /* seasonalyzeTests.xctest */;
			productType = "com.apple.product-type.bundle.unit-test";
		};
		1F5E48EB29AB5FDB0073E735 /* seasonalyzeUITests */ = {
			isa = PBXNativeTarget;
			buildConfigurationList = 1F5E48FC29AB5FDB0073E735 /* Build configuration list for PBXNativeTarget "seasonalyzeUITests" */;
			buildPhases = (
				1F5E48E829AB5FDB0073E735 /* Sources */,
				1F5E48E929AB5FDB0073E735 /* Frameworks */,
				1F5E48EA29AB5FDB0073E735 /* Resources */,
			);
			buildRules = (
			);
			dependencies = (
				1F5E48EE29AB5FDB0073E735 /* PBXTargetDependency */,
			);
			name = seasonalyzeUITests;
			productName = seasonalyzeUITests;
			productReference = 1F5E48EC29AB5FDB0073E735 /* seasonalyzeUITests.xctest */;
			productType = "com.apple.product-type.bundle.ui-testing";
		};
/* End PBXNativeTarget section */

/* Begin PBXProject section */
		1F5E48C129AB5FD70073E735 /* Project object */ = {
			isa = PBXProject;
			attributes = {
				BuildIndependentTargetsInParallel = 1;
				LastSwiftUpdateCheck = 1420;
				LastUpgradeCheck = 1420;
				TargetAttributes = {
					1F5E48C829AB5FD70073E735 = {
						CreatedOnToolsVersion = 14.2;
					};
					1F5E48E129AB5FDB0073E735 = {
						CreatedOnToolsVersion = 14.2;
						TestTargetID = 1F5E48C829AB5FD70073E735;
					};
					1F5E48EB29AB5FDB0073E735 = {
						CreatedOnToolsVersion = 14.2;
						TestTargetID = 1F5E48C829AB5FD70073E735;
					};
				};
			};
			buildConfigurationList = 1F5E48C429AB5FD70073E735 /* Build configuration list for PBXProject "seasonalyze" */;
			compatibilityVersion = "Xcode 14.0";
			developmentRegion = en;
			hasScannedForEncodings = 0;
			knownRegions = (
				en,
				Base,
			);
			mainGroup = 1F5E48C029AB5FD70073E735;
			productRefGroup = 1F5E48CA29AB5FD70073E735 /* Products */;
			projectDirPath = "";
			projectRoot = "";
			targets = (
				1F5E48C829AB5FD70073E735 /* seasonalyze */,
				1F5E48E129AB5FDB0073E735 /* seasonalyzeTests */,
				1F5E48EB29AB5FDB0073E735 /* seasonalyzeUITests */,
			);
		};
/* End PBXProject section */

/* Begin PBXResourcesBuildPhase section */
		1F5E48C729AB5FD70073E735 /* Resources */ = {
			isa = PBXResourcesBuildPhase;
			buildActionMask = 2147483647;
			files = (
				1F5E48DC29AB5FDA0073E735 /* LaunchScreen.storyboard in Resources */,
				1F5E48D929AB5FDA0073E735 /* Assets.xcassets in Resources */,
				1F5E48D429AB5FD70073E735 /* Main.storyboard in Resources */,
			);
			runOnlyForDeploymentPostprocessing = 0;
		};
		1F5E48E029AB5FDB0073E735 /* Resources */ = {
			isa = PBXResourcesBuildPhase;
			buildActionMask = 2147483647;
			files = (
			);
			runOnlyForDeploymentPostprocessing = 0;
		};
		1F5E48EA29AB5FDB0073E735 /* Resources */ = {
			isa = PBXResourcesBuildPhase;
			buildActionMask = 2147483647;
			files = (
			);
			runOnlyForDeploymentPostprocessing = 0;
		};
/* End PBXResourcesBuildPhase section */

/* Begin PBXSourcesBuildPhase section */
		1F5E48C529AB5FD70073E735 /* Sources */ = {
			isa = PBXSourcesBuildPhase;
			buildActionMask = 2147483647;
			files = (
				1F5E48D129AB5FD70073E735 /* LaunchPage.swift in Sources */,
				1F5E48CD29AB5FD70073E735 /* AppDelegate.swift in Sources */,
				1F5E48D729AB5FD70073E735 /* seasonalyze.xcdatamodeld in Sources */,
				1F5E48CF29AB5FD70073E735 /* SceneDelegate.swift in Sources */,
			);
			runOnlyForDeploymentPostprocessing = 0;
		};
		1F5E48DE29AB5FDB0073E735 /* Sources */ = {
			isa = PBXSourcesBuildPhase;
			buildActionMask = 2147483647;
			files = (
				1F5E48E729AB5FDB0073E735 /* seasonalyzeTests.swift in Sources */,
			);
			runOnlyForDeploymentPostprocessing = 0;
		};
		1F5E48E829AB5FDB0073E735 /* Sources */ = {
			isa = PBXSourcesBuildPhase;
			buildActionMask = 2147483647;
			files = (
				1F5E48F129AB5FDB0073E735 /* seasonalyzeUITests.swift in Sources */,
				1F5E48F329AB5FDB0073E735 /* seasonalyzeUITestsLaunchTests.swift in Sources */,
			);
			runOnlyForDeploymentPostprocessing = 0;
		};
/* End PBXSourcesBuildPhase section */

/* Begin PBXTargetDependency section */
		1F5E48E429AB5FDB0073E735 /* PBXTargetDependency */ = {
			isa = PBXTargetDependency;
			target = 1F5E48C829AB5FD70073E735 /* seasonalyze */;
			targetProxy = 1F5E48E329AB5FDB0073E735 /* PBXContainerItemProxy */;
		};
		1F5E48EE29AB5FDB0073E735 /* PBXTargetDependency */ = {
			isa = PBXTargetDependency;
			target = 1F5E48C829AB5FD70073E735 /* seasonalyze */;
			targetProxy = 1F5E48ED29AB5FDB0073E735 /* PBXContainerItemProxy */;
		};
/* End PBXTargetDependency section */

/* Begin PBXVariantGroup section */
		1F5E48D229AB5FD70073E735 /* Main.storyboard */ = {
			isa = PBXVariantGroup;
			children = (
				1F5E48D329AB5FD70073E735 /* Base */,
			);
			name = Main.storyboard;
			sourceTree = "<group>";
		};
		1F5E48DA29AB5FDA0073E735 /* LaunchScreen.storyboard */ = {
			isa = PBXVariantGroup;
			children = (
				1F5E48DB29AB5FDA0073E735 /* Base */,
			);
			name = LaunchScreen.storyboard;
			sourceTree = "<group>";
		};
/* End PBXVariantGroup section */

/* Begin XCBuildConfiguration section */
		1F5E48F429AB5FDB0073E735 /* Debug */ = {
			isa = XCBuildConfiguration;
			buildSettings = {
				ALWAYS_SEARCH_USER_PATHS = NO;
				CLANG_ANALYZER_NONNULL = YES;
				CLANG_ANALYZER_NUMBER_OBJECT_CONVERSION = YES_AGGRESSIVE;
				CLANG_CXX_LANGUAGE_STANDARD = "gnu++20";
				CLANG_ENABLE_MODULES = YES;
				CLANG_ENABLE_OBJC_ARC = YES;
				CLANG_ENABLE_OBJC_WEAK = YES;
				CLANG_WARN_BLOCK_CAPTURE_AUTORELEASING = YES;
				CLANG_WARN_BOOL_CONVERSION = YES;
				CLANG_WARN_COMMA = YES;
				CLANG_WARN_CONSTANT_CONVERSION = YES;
				CLANG_WARN_DEPRECATED_OBJC_IMPLEMENTATIONS = YES;
				CLANG_WARN_DIRECT_OBJC_ISA_USAGE = YES_ERROR;
				CLANG_WARN_DOCUMENTATION_COMMENTS = YES;
				CLANG_WARN_EMPTY_BODY = YES;
				CLANG_WARN_ENUM_CONVERSION = YES;
				CLANG_WARN_INFINITE_RECURSION = YES;
				CLANG_WARN_INT_CONVERSION = YES;
				CLANG_WARN_NON_LITERAL_NULL_CONVERSION = YES;
				CLANG_WARN_OBJC_IMPLICIT_RETAIN_SELF = YES;
				CLANG_WARN_OBJC_LITERAL_CONVERSION = YES;
				CLANG_WARN_OBJC_ROOT_CLASS = YES_ERROR;
				CLANG_WARN_QUOTED_INCLUDE_IN_FRAMEWORK_HEADER = YES;
				CLANG_WARN_RANGE_LOOP_ANALYSIS = YES;
				CLANG_WARN_STRICT_PROTOTYPES = YES;
				CLANG_WARN_SUSPICIOUS_MOVE = YES;
				CLANG_WARN_UNGUARDED_AVAILABILITY = YES_AGGRESSIVE;
				CLANG_WARN_UNREACHABLE_CODE = YES;
				CLANG_WARN__DUPLICATE_METHOD_MATCH = YES;
				COPY_PHASE_STRIP = NO;
				DEBUG_INFORMATION_FORMAT = dwarf;
				ENABLE_STRICT_OBJC_MSGSEND = YES;
				ENABLE_TESTABILITY = YES;
				GCC_C_LANGUAGE_STANDARD = gnu11;
				GCC_DYNAMIC_NO_PIC = NO;
				GCC_NO_COMMON_BLOCKS = YES;
				GCC_OPTIMIZATION_LEVEL = 0;
				GCC_PREPROCESSOR_DEFINITIONS = (
					"DEBUG=1",
					"$(inherited)",
				);
				GCC_WARN_64_TO_32_BIT_CONVERSION = YES;
				GCC_WARN_ABOUT_RETURN_TYPE = YES_ERROR;
				GCC_WARN_UNDECLARED_SELECTOR = YES;
				GCC_WARN_UNINITIALIZED_AUTOS = YES_AGGRESSIVE;
				GCC_WARN_UNUSED_FUNCTION = YES;
				GCC_WARN_UNUSED_VARIABLE = YES;
				IPHONEOS_DEPLOYMENT_TARGET = 16.2;
				MTL_ENABLE_DEBUG_INFO = INCLUDE_SOURCE;
				MTL_FAST_MATH = YES;
				ONLY_ACTIVE_ARCH = YES;
				SDKROOT = iphoneos;
				SWIFT_ACTIVE_COMPILATION_CONDITIONS = DEBUG;
				SWIFT_OPTIMIZATION_LEVEL = "-Onone";
			};
			name = Debug;
		};
		1F5E48F529AB5FDB0073E735 /* Release */ = {
			isa = XCBuildConfiguration;
			buildSettings = {
				ALWAYS_SEARCH_USER_PATHS = NO;
				CLANG_ANALYZER_NONNULL = YES;
				CLANG_ANALYZER_NUMBER_OBJECT_CONVERSION = YES_AGGRESSIVE;
				CLANG_CXX_LANGUAGE_STANDARD = "gnu++20";
				CLANG_ENABLE_MODULES = YES;
				CLANG_ENABLE_OBJC_ARC = YES;
				CLANG_ENABLE_OBJC_WEAK = YES;
				CLANG_WARN_BLOCK_CAPTURE_AUTORELEASING = YES;
				CLANG_WARN_BOOL_CONVERSION = YES;
				CLANG_WARN_COMMA = YES;
				CLANG_WARN_CONSTANT_CONVERSION = YES;
				CLANG_WARN_DEPRECATED_OBJC_IMPLEMENTATIONS = YES;
				CLANG_WARN_DIRECT_OBJC_ISA_USAGE = YES_ERROR;
				CLANG_WARN_DOCUMENTATION_COMMENTS = YES;
				CLANG_WARN_EMPTY_BODY = YES;
				CLANG_WARN_ENUM_CONVERSION = YES;
				CLANG_WARN_INFINITE_RECURSION = YES;
				CLANG_WARN_INT_CONVERSION = YES;
				CLANG_WARN_NON_LITERAL_NULL_CONVERSION = YES;
				CLANG_WARN_OBJC_IMPLICIT_RETAIN_SELF = YES;
				CLANG_WARN_OBJC_LITERAL_CONVERSION = YES;
				CLANG_WARN_OBJC_ROOT_CLASS = YES_ERROR;
				CLANG_WARN_QUOTED_INCLUDE_IN_FRAMEWORK_HEADER = YES;
				CLANG_WARN_RANGE_LOOP_ANALYSIS = YES;
				CLANG_WARN_STRICT_PROTOTYPES = YES;
				CLANG_WARN_SUSPICIOUS_MOVE = YES;
				CLANG_WARN_UNGUARDED_AVAILABILITY = YES_AGGRESSIVE;
				CLANG_WARN_UNREACHABLE_CODE = YES;
				CLANG_WARN__DUPLICATE_METHOD_MATCH = YES;
				COPY_PHASE_STRIP = NO;
				DEBUG_INFORMATION_FORMAT = "dwarf-with-dsym";
				ENABLE_NS_ASSERTIONS = NO;
				ENABLE_STRICT_OBJC_MSGSEND = YES;
				GCC_C_LANGUAGE_STANDARD = gnu11;
				GCC_NO_COMMON_BLOCKS = YES;
				GCC_WARN_64_TO_32_BIT_CONVERSION = YES;
				GCC_WARN_ABOUT_RETURN_TYPE = YES_ERROR;
				GCC_WARN_UNDECLARED_SELECTOR = YES;
				GCC_WARN_UNINITIALIZED_AUTOS = YES_AGGRESSIVE;
				GCC_WARN_UNUSED_FUNCTION = YES;
				GCC_WARN_UNUSED_VARIABLE = YES;
				IPHONEOS_DEPLOYMENT_TARGET = 16.2;
				MTL_ENABLE_DEBUG_INFO = NO;
				MTL_FAST_MATH = YES;
				SDKROOT = iphoneos;
				SWIFT_COMPILATION_MODE = wholemodule;
				SWIFT_OPTIMIZATION_LEVEL = "-O";
				VALIDATE_PRODUCT = YES;
			};
			name = Release;
		};
		1F5E48F729AB5FDB0073E735 /* Debug */ = {
			isa = XCBuildConfiguration;
			buildSettings = {
				ASSETCATALOG_COMPILER_APPICON_NAME = AppIcon;
				ASSETCATALOG_COMPILER_GLOBAL_ACCENT_COLOR_NAME = AccentColor;
				CODE_SIGN_STYLE = Automatic;
				CURRENT_PROJECT_VERSION = 1;
				DEVELOPMENT_TEAM = S33M37958A;
				GENERATE_INFOPLIST_FILE = YES;
				INFOPLIST_FILE = seasonalyze/Info.plist;
				INFOPLIST_KEY_UIApplicationSupportsIndirectInputEvents = YES;
				INFOPLIST_KEY_UILaunchStoryboardName = LaunchScreen;
				INFOPLIST_KEY_UIMainStoryboardFile = Main;
				INFOPLIST_KEY_UISupportedInterfaceOrientations_iPad = "UIInterfaceOrientationPortrait UIInterfaceOrientationPortraitUpsideDown UIInterfaceOrientationLandscapeLeft UIInterfaceOrientationLandscapeRight";
				INFOPLIST_KEY_UISupportedInterfaceOrientations_iPhone = "UIInterfaceOrientationPortrait UIInterfaceOrientationLandscapeLeft UIInterfaceOrientationLandscapeRight";
				LD_RUNPATH_SEARCH_PATHS = (
					"$(inherited)",
					"@executable_path/Frameworks",
				);
				MARKETING_VERSION = 1.0;
				PRODUCT_BUNDLE_IDENTIFIER = Fabianstiewe.seasonalyze;
				PRODUCT_NAME = "$(TARGET_NAME)";
				SWIFT_EMIT_LOC_STRINGS = YES;
				SWIFT_VERSION = 5.0;
				TARGETED_DEVICE_FAMILY = "1,2";
			};
			name = Debug;
		};
		1F5E48F829AB5FDB0073E735 /* Release */ = {
			isa = XCBuildConfiguration;
			buildSettings = {
				ASSETCATALOG_COMPILER_APPICON_NAME = AppIcon;
				ASSETCATALOG_COMPILER_GLOBAL_ACCENT_COLOR_NAME = AccentColor;
				CODE_SIGN_STYLE = Automatic;
				CURRENT_PROJECT_VERSION = 1;
				DEVELOPMENT_TEAM = S33M37958A;
				GENERATE_INFOPLIST_FILE = YES;
				INFOPLIST_FILE = seasonalyze/Info.plist;
				INFOPLIST_KEY_UIApplicationSupportsIndirectInputEvents = YES;
				INFOPLIST_KEY_UILaunchStoryboardName = LaunchScreen;
				INFOPLIST_KEY_UIMainStoryboardFile = Main;
				INFOPLIST_KEY_UISupportedInterfaceOrientations_iPad = "UIInterfaceOrientationPortrait UIInterfaceOrientationPortraitUpsideDown UIInterfaceOrientationLandscapeLeft UIInterfaceOrientationLandscapeRight";
				INFOPLIST_KEY_UISupportedInterfaceOrientations_iPhone = "UIInterfaceOrientationPortrait UIInterfaceOrientationLandscapeLeft UIInterfaceOrientationLandscapeRight";
				LD_RUNPATH_SEARCH_PATHS = (
					"$(inherited)",
					"@executable_path/Frameworks",
				);
				MARKETING_VERSION = 1.0;
				PRODUCT_BUNDLE_IDENTIFIER = Fabianstiewe.seasonalyze;
				PRODUCT_NAME = "$(TARGET_NAME)";
				SWIFT_EMIT_LOC_STRINGS = YES;
				SWIFT_VERSION = 5.0;
				TARGETED_DEVICE_FAMILY = "1,2";
			};
			name = Release;
		};
		1F5E48FA29AB5FDB0073E735 /* Debug */ = {
			isa = XCBuildConfiguration;
			buildSettings = {
				ALWAYS_EMBED_SWIFT_STANDARD_LIBRARIES = YES;
				BUNDLE_LOADER = "$(TEST_HOST)";
				CODE_SIGN_STYLE = Automatic;
				CURRENT_PROJECT_VERSION = 1;
				DEVELOPMENT_TEAM = S33M37958A;
				GENERATE_INFOPLIST_FILE = YES;
				IPHONEOS_DEPLOYMENT_TARGET = 16.2;
				MARKETING_VERSION = 1.0;
				PRODUCT_BUNDLE_IDENTIFIER = Fabianstiewe.seasonalyzeTests;
				PRODUCT_NAME = "$(TARGET_NAME)";
				SWIFT_EMIT_LOC_STRINGS = NO;
				SWIFT_VERSION = 5.0;
				TARGETED_DEVICE_FAMILY = "1,2";
				TEST_HOST = "$(BUILT_PRODUCTS_DIR)/seasonalyze.app/$(BUNDLE_EXECUTABLE_FOLDER_PATH)/seasonalyze";
			};
			name = Debug;
		};
		1F5E48FB29AB5FDB0073E735 /* Release */ = {
			isa = XCBuildConfiguration;
			buildSettings = {
				ALWAYS_EMBED_SWIFT_STANDARD_LIBRARIES = YES;
				BUNDLE_LOADER = "$(TEST_HOST)";
				CODE_SIGN_STYLE = Automatic;
				CURRENT_PROJECT_VERSION = 1;
				DEVELOPMENT_TEAM = S33M37958A;
				GENERATE_INFOPLIST_FILE = YES;
				IPHONEOS_DEPLOYMENT_TARGET = 16.2;
				MARKETING_VERSION = 1.0;
				PRODUCT_BUNDLE_IDENTIFIER = Fabianstiewe.seasonalyzeTests;
				PRODUCT_NAME = "$(TARGET_NAME)";
				SWIFT_EMIT_LOC_STRINGS = NO;
				SWIFT_VERSION = 5.0;
				TARGETED_DEVICE_FAMILY = "1,2";
				TEST_HOST = "$(BUILT_PRODUCTS_DIR)/seasonalyze.app/$(BUNDLE_EXECUTABLE_FOLDER_PATH)/seasonalyze";
			};
			name = Release;
		};
		1F5E48FD29AB5FDB0073E735 /* Debug */ = {
			isa = XCBuildConfiguration;
			buildSettings = {
				ALWAYS_EMBED_SWIFT_STANDARD_LIBRARIES = YES;
				CODE_SIGN_STYLE = Automatic;
				CURRENT_PROJECT_VERSION = 1;
				DEVELOPMENT_TEAM = S33M37958A;
				GENERATE_INFOPLIST_FILE = YES;
				MARKETING_VERSION = 1.0;
				PRODUCT_BUNDLE_IDENTIFIER = Fabianstiewe.seasonalyzeUITests;
				PRODUCT_NAME = "$(TARGET_NAME)";
				SWIFT_EMIT_LOC_STRINGS = NO;
				SWIFT_VERSION = 5.0;
				TARGETED_DEVICE_FAMILY = "1,2";
				TEST_TARGET_NAME = seasonalyze;
			};
			name = Debug;
		};
		1F5E48FE29AB5FDB0073E735 /* Release */ = {
			isa = XCBuildConfiguration;
			buildSettings = {
				ALWAYS_EMBED_SWIFT_STANDARD_LIBRARIES = YES;
				CODE_SIGN_STYLE = Automatic;
				CURRENT_PROJECT_VERSION = 1;
				DEVELOPMENT_TEAM = S33M37958A;
				GENERATE_INFOPLIST_FILE = YES;
				MARKETING_VERSION = 1.0;
				PRODUCT_BUNDLE_IDENTIFIER = Fabianstiewe.seasonalyzeUITests;
				PRODUCT_NAME = "$(TARGET_NAME)";
				SWIFT_EMIT_LOC_STRINGS = NO;
				SWIFT_VERSION = 5.0;
				TARGETED_DEVICE_FAMILY = "1,2";
				TEST_TARGET_NAME = seasonalyze;
			};
			name = Release;
		};
/* End XCBuildConfiguration section */

/* Begin XCConfigurationList section */
		1F5E48C429AB5FD70073E735 /* Build configuration list for PBXProject "seasonalyze" */ = {
			isa = XCConfigurationList;
			buildConfigurations = (
				1F5E48F429AB5FDB0073E735 /* Debug */,
				1F5E48F529AB5FDB0073E735 /* Release */,
			);
			defaultConfigurationIsVisible = 0;
			defaultConfigurationName = Release;
		};
		1F5E48F629AB5FDB0073E735 /* Build configuration list for PBXNativeTarget "seasonalyze" */ = {
			isa = XCConfigurationList;
			buildConfigurations = (
				1F5E48F729AB5FDB0073E735 /* Debug */,
				1F5E48F829AB5FDB0073E735 /* Release */,
			);
			defaultConfigurationIsVisible = 0;
			defaultConfigurationName = Release;
		};
		1F5E48F929AB5FDB0073E735 /* Build configuration list for PBXNativeTarget "seasonalyzeTests" */ = {
			isa = XCConfigurationList;
			buildConfigurations = (
				1F5E48FA29AB5FDB0073E735 /* Debug */,
				1F5E48FB29AB5FDB0073E735 /* Release */,
			);
			defaultConfigurationIsVisible = 0;
			defaultConfigurationName = Release;
		};
		1F5E48FC29AB5FDB0073E735 /* Build configuration list for PBXNativeTarget "seasonalyzeUITests" */ = {
			isa = XCConfigurationList;
			buildConfigurations = (
				1F5E48FD29AB5FDB0073E735 /* Debug */,
				1F5E48FE29AB5FDB0073E735 /* Release */,
			);
			defaultConfigurationIsVisible = 0;
			defaultConfigurationName = Release;
		};
/* End XCConfigurationList section */

/* Begin XCVersionGroup section */
		1F5E48D529AB5FD70073E735 /* seasonalyze.xcdatamodeld */ = {
			isa = XCVersionGroup;
			children = (
				1F5E48D629AB5FD70073E735 /* seasonalyze.xcdatamodel */,
			);
			currentVersion = 1F5E48D629AB5FD70073E735 /* seasonalyze.xcdatamodel */;
			path = seasonalyze.xcdatamodeld;
			sourceTree = "<group>";
			versionGroupType = wrapper.xcdatamodel;
		};
/* End XCVersionGroup section */
	};
	rootObject = 1F5E48C129AB5FD70073E735 /* Project object */;
}
