// !$*UTF8*$!
{
	archiveVersion = 1;
	classes = {
	};
	objectVersion = 56;
	objects = {

/* Begin PBXBuildFile section */
		0A091CA44B3B691DFDEFD946 /* Pods_seasonalyzeTests.framework in Frameworks */ = {isa = PBXBuildFile; fileRef = A80EE71F83B97C5B8D39B453 /* Pods_seasonalyzeTests.framework */; };
		105BBE3067DDB77BF50A146C /* Pods_seasonalyze.framework in Frameworks */ = {isa = PBXBuildFile; fileRef = A26FCC4329F929316932FC5B /* Pods_seasonalyze.framework */; };
		1F5E48CD29AB5FD70073E735 /* AppDelegate.swift in Sources */ = {isa = PBXBuildFile; fileRef = 1F5E48CC29AB5FD70073E735 /* AppDelegate.swift */; };
		1F5E48CF29AB5FD70073E735 /* SceneDelegate.swift in Sources */ = {isa = PBXBuildFile; fileRef = 1F5E48CE29AB5FD70073E735 /* SceneDelegate.swift */; };
		1F5E48D129AB5FD70073E735 /* LaunchPage.swift in Sources */ = {isa = PBXBuildFile; fileRef = 1F5E48D029AB5FD70073E735 /* LaunchPage.swift */; };
		1F5E48D429AB5FD70073E735 /* Main.storyboard in Resources */ = {isa = PBXBuildFile; fileRef = 1F5E48D229AB5FD70073E735 /* Main.storyboard */; };
		1F5E48D729AB5FD70073E735 /* seasonalyze.xcdatamodeld in Sources */ = {isa = PBXBuildFile; fileRef = 1F5E48D529AB5FD70073E735 /* seasonalyze.xcdatamodeld */; };
		1F5E48D929AB5FDA0073E735 /* Assets.xcassets in Resources */ = {isa = PBXBuildFile; fileRef = 1F5E48D829AB5FDA0073E735 /* Assets.xcassets */; };
		1F5E48DC29AB5FDA0073E735 /* LaunchScreen.storyboard in Resources */ = {isa = PBXBuildFile; fileRef = 1F5E48DA29AB5FDA0073E735 /* LaunchScreen.storyboard */; };
		1F5E48E729AB5FDB0073E735 /* seasonalyzeTests.swift in Sources */ = {isa = PBXBuildFile; fileRef = 1F5E48E629AB5FDB0073E735 /* seasonalyzeTests.swift */; };
		1F5E48F129AB5FDB0073E735 /* seasonalyzeUITests.swift in Sources */ = {isa = PBXBuildFile; fileRef = 1F5E48F029AB5FDB0073E735 /* seasonalyzeUITests.swift */; };
		1F5E48F329AB5FDB0073E735 /* seasonalyzeUITestsLaunchTests.swift in Sources */ = {isa = PBXBuildFile; fileRef = 1F5E48F229AB5FDB0073E735 /* seasonalyzeUITestsLaunchTests.swift */; };
		1FAED37129AF29980017459B /* Test_ViewController.swift in Sources */ = {isa = PBXBuildFile; fileRef = 1FAED37029AF29970017459B /* Test_ViewController.swift */; };
		1FBA2C0F29AF6F3000EA7BD3 /* Test2_ViewController.swift in Sources */ = {isa = PBXBuildFile; fileRef = 1FBA2C0E29AF6F2F00EA7BD3 /* Test2_ViewController.swift */; };
		1FD5529329ACABC00054D747 /* Login_Page_ViewController.swift in Sources */ = {isa = PBXBuildFile; fileRef = 1FD5529229ACABC00054D747 /* Login_Page_ViewController.swift */; };
		1FD5529429ACABC00054D747 /* Login_Page_ViewController.swift in Sources */ = {isa = PBXBuildFile; fileRef = 1FD5529229ACABC00054D747 /* Login_Page_ViewController.swift */; };
		1FD5529529ACABC00054D747 /* Login_Page_ViewController.swift in Sources */ = {isa = PBXBuildFile; fileRef = 1FD5529229ACABC00054D747 /* Login_Page_ViewController.swift */; };
		1FD5529729ACAF920054D747 /* Register_Page_ViewController.swift in Sources */ = {isa = PBXBuildFile; fileRef = 1FD5529629ACAF920054D747 /* Register_Page_ViewController.swift */; };
		1FD5529829ACAF920054D747 /* Register_Page_ViewController.swift in Sources */ = {isa = PBXBuildFile; fileRef = 1FD5529629ACAF920054D747 /* Register_Page_ViewController.swift */; };
		1FD5529929ACAF920054D747 /* Register_Page_ViewController.swift in Sources */ = {isa = PBXBuildFile; fileRef = 1FD5529629ACAF920054D747 /* Register_Page_ViewController.swift */; };
		1FE473FB29AE69BD005AB931 /* GoogleService-Info.plist in Resources */ = {isa = PBXBuildFile; fileRef = 1FE473FA29AE69BC005AB931 /* GoogleService-Info.plist */; };
		1FE473FD29AE8126005AB931 /* Home_Tab_ViewController.swift in Sources */ = {isa = PBXBuildFile; fileRef = 1FE473FC29AE8126005AB931 /* Home_Tab_ViewController.swift */; };
		1FE473FE29AE8126005AB931 /* Home_Tab_ViewController.swift in Sources */ = {isa = PBXBuildFile; fileRef = 1FE473FC29AE8126005AB931 /* Home_Tab_ViewController.swift */; };
		1FE473FF29AE8126005AB931 /* Home_Tab_ViewController.swift in Sources */ = {isa = PBXBuildFile; fileRef = 1FE473FC29AE8126005AB931 /* Home_Tab_ViewController.swift */; };
		1FE4740129AE854C005AB931 /* Settings_ViewController.swift in Sources */ = {isa = PBXBuildFile; fileRef = 1FE4740029AE854C005AB931 /* Settings_ViewController.swift */; };
		1FE4740229AE854C005AB931 /* Settings_ViewController.swift in Sources */ = {isa = PBXBuildFile; fileRef = 1FE4740029AE854C005AB931 /* Settings_ViewController.swift */; };
		1FE4740329AE854C005AB931 /* Settings_ViewController.swift in Sources */ = {isa = PBXBuildFile; fileRef = 1FE4740029AE854C005AB931 /* Settings_ViewController.swift */; };
		1FE4740529AE857A005AB931 /* Favourites_ViewController.swift in Sources */ = {isa = PBXBuildFile; fileRef = 1FE4740429AE857A005AB931 /* Favourites_ViewController.swift */; };
		1FE4740629AE857A005AB931 /* Favourites_ViewController.swift in Sources */ = {isa = PBXBuildFile; fileRef = 1FE4740429AE857A005AB931 /* Favourites_ViewController.swift */; };
		1FE4740729AE857A005AB931 /* Favourites_ViewController.swift in Sources */ = {isa = PBXBuildFile; fileRef = 1FE4740429AE857A005AB931 /* Favourites_ViewController.swift */; };
		1FE4740929AE861E005AB931 /* Main_UITabBarControllerViewController.swift in Sources */ = {isa = PBXBuildFile; fileRef = 1FE4740829AE861E005AB931 /* Main_UITabBarControllerViewController.swift */; };
		1FE4740A29AE861E005AB931 /* Main_UITabBarControllerViewController.swift in Sources */ = {isa = PBXBuildFile; fileRef = 1FE4740829AE861E005AB931 /* Main_UITabBarControllerViewController.swift */; };
		1FE4740B29AE861E005AB931 /* Main_UITabBarControllerViewController.swift in Sources */ = {isa = PBXBuildFile; fileRef = 1FE4740829AE861E005AB931 /* Main_UITabBarControllerViewController.swift */; };
		BC84B391CDE0A2E6B00524C8 /* Pods_seasonalyze_seasonalyzeUITests.framework in Frameworks */ = {isa = PBXBuildFile; fileRef = 290A2C20193BD640D777639A /* Pods_seasonalyze_seasonalyzeUITests.framework */; };
/* End PBXBuildFile section */

/* Begin PBXContainerItemProxy section */
		1F5E48E329AB5FDB0073E735 /* PBXContainerItemProxy */ = {
			isa = PBXContainerItemProxy;
			containerPortal = 1F5E48C129AB5FD70073E735 /* Project object */;
			proxyType = 1;
			remoteGlobalIDString = 1F5E48C829AB5FD70073E735;
			remoteInfo = seasonalyze;
		};
		1F5E48ED29AB5FDB0073E735 /* PBXContainerItemProxy */ = {
			isa = PBXContainerItemProxy;
			containerPortal = 1F5E48C129AB5FD70073E735 /* Project object */;
			proxyType = 1;
			remoteGlobalIDString = 1F5E48C829AB5FD70073E735;
			remoteInfo = seasonalyze;
		};
/* End PBXContainerItemProxy section */

/* Begin PBXCopyFilesBuildPhase section */
		1F8FB8EB29B143EF0006875B /* Embed Foundation Extensions */ = {
			isa = PBXCopyFilesBuildPhase;
			buildActionMask = 2147483647;
			dstPath = "";
			dstSubfolderSpec = 13;
			files = (
			);
			name = "Embed Foundation Extensions";
			runOnlyForDeploymentPostprocessing = 0;
		};
/* End PBXCopyFilesBuildPhase section */

/* Begin PBXFileReference section */
		1F5E48C929AB5FD70073E735 /* seasonalyze.app */ = {isa = PBXFileReference; explicitFileType = wrapper.application; includeInIndex = 0; path = seasonalyze.app; sourceTree = BUILT_PRODUCTS_DIR; };
		1F5E48CC29AB5FD70073E735 /* AppDelegate.swift */ = {isa = PBXFileReference; lastKnownFileType = sourcecode.swift; path = AppDelegate.swift; sourceTree = "<group>"; };
		1F5E48CE29AB5FD70073E735 /* SceneDelegate.swift */ = {isa = PBXFileReference; lastKnownFileType = sourcecode.swift; path = SceneDelegate.swift; sourceTree = "<group>"; };
		1F5E48D029AB5FD70073E735 /* LaunchPage.swift */ = {isa = PBXFileReference; lastKnownFileType = sourcecode.swift; path = LaunchPage.swift; sourceTree = "<group>"; };
		1F5E48D329AB5FD70073E735 /* Base */ = {isa = PBXFileReference; lastKnownFileType = file.storyboard; name = Base; path = Base.lproj/Main.storyboard; sourceTree = "<group>"; };
		1F5E48D629AB5FD70073E735 /* seasonalyze.xcdatamodel */ = {isa = PBXFileReference; lastKnownFileType = wrapper.xcdatamodel; path = seasonalyze.xcdatamodel; sourceTree = "<group>"; };
		1F5E48D829AB5FDA0073E735 /* Assets.xcassets */ = {isa = PBXFileReference; lastKnownFileType = folder.assetcatalog; path = Assets.xcassets; sourceTree = "<group>"; };
		1F5E48DB29AB5FDA0073E735 /* Base */ = {isa = PBXFileReference; lastKnownFileType = file.storyboard; name = Base; path = Base.lproj/LaunchScreen.storyboard; sourceTree = "<group>"; };
		1F5E48DD29AB5FDA0073E735 /* Info.plist */ = {isa = PBXFileReference; lastKnownFileType = text.plist.xml; path = Info.plist; sourceTree = "<group>"; };
		1F5E48E229AB5FDB0073E735 /* seasonalyzeTests.xctest */ = {isa = PBXFileReference; explicitFileType = wrapper.cfbundle; includeInIndex = 0; path = seasonalyzeTests.xctest; sourceTree = BUILT_PRODUCTS_DIR; };
		1F5E48E629AB5FDB0073E735 /* seasonalyzeTests.swift */ = {isa = PBXFileReference; lastKnownFileType = sourcecode.swift; path = seasonalyzeTests.swift; sourceTree = "<group>"; };
		1F5E48EC29AB5FDB0073E735 /* seasonalyzeUITests.xctest */ = {isa = PBXFileReference; explicitFileType = wrapper.cfbundle; includeInIndex = 0; path = seasonalyzeUITests.xctest; sourceTree = BUILT_PRODUCTS_DIR; };
		1F5E48F029AB5FDB0073E735 /* seasonalyzeUITests.swift */ = {isa = PBXFileReference; lastKnownFileType = sourcecode.swift; path = seasonalyzeUITests.swift; sourceTree = "<group>"; };
		1F5E48F229AB5FDB0073E735 /* seasonalyzeUITestsLaunchTests.swift */ = {isa = PBXFileReference; lastKnownFileType = sourcecode.swift; path = seasonalyzeUITestsLaunchTests.swift; sourceTree = "<group>"; };
		1F8FB8DB29B143ED0006875B /* AuthenticationServices.framework */ = {isa = PBXFileReference; lastKnownFileType = wrapper.framework; name = AuthenticationServices.framework; path = System/Library/Frameworks/AuthenticationServices.framework; sourceTree = SDKROOT; };
		1F8FB8DE29B143EE0006875B /* CredentialProviderViewController.swift */ = {isa = PBXFileReference; lastKnownFileType = sourcecode.swift; path = CredentialProviderViewController.swift; sourceTree = "<group>"; };
		1F8FB8E129B143EE0006875B /* Base */ = {isa = PBXFileReference; lastKnownFileType = file.storyboard; name = Base; path = Base.lproj/MainInterface.storyboard; sourceTree = "<group>"; };
		1F8FB8E329B143EE0006875B /* Info.plist */ = {isa = PBXFileReference; lastKnownFileType = text.plist.xml; path = Info.plist; sourceTree = "<group>"; };
		1F8FB8E429B143EE0006875B /* autofill_seasonalyze.entitlements */ = {isa = PBXFileReference; lastKnownFileType = text.plist.entitlements; path = autofill_seasonalyze.entitlements; sourceTree = "<group>"; };
		1F8FB8F129B144480006875B /* NetworkExtension.framework */ = {isa = PBXFileReference; lastKnownFileType = wrapper.framework; name = NetworkExtension.framework; path = System/Library/Frameworks/NetworkExtension.framework; sourceTree = SDKROOT; };
		1F8FB8F429B144480006875B /* AppProxyProvider.swift */ = {isa = PBXFileReference; lastKnownFileType = sourcecode.swift; path = AppProxyProvider.swift; sourceTree = "<group>"; };
		1F8FB8F629B144480006875B /* Info.plist */ = {isa = PBXFileReference; lastKnownFileType = text.plist.xml; path = Info.plist; sourceTree = "<group>"; };
		1F8FB8F729B144480006875B /* network_seasonalyze.entitlements */ = {isa = PBXFileReference; lastKnownFileType = text.plist.entitlements; path = network_seasonalyze.entitlements; sourceTree = "<group>"; };
		1F8FB8FE29B1448C0006875B /* seasonalyze.entitlements */ = {isa = PBXFileReference; lastKnownFileType = text.plist.entitlements; path = seasonalyze.entitlements; sourceTree = "<group>"; };
		1FAED37029AF29970017459B /* Test_ViewController.swift */ = {isa = PBXFileReference; lastKnownFileType = sourcecode.swift; path = Test_ViewController.swift; sourceTree = "<group>"; };
		1FBA2C0E29AF6F2F00EA7BD3 /* Test2_ViewController.swift */ = {isa = PBXFileReference; lastKnownFileType = sourcecode.swift; path = Test2_ViewController.swift; sourceTree = "<group>"; };
		1FD5529229ACABC00054D747 /* Login_Page_ViewController.swift */ = {isa = PBXFileReference; lastKnownFileType = sourcecode.swift; path = Login_Page_ViewController.swift; sourceTree = "<group>"; };
		1FD5529629ACAF920054D747 /* Register_Page_ViewController.swift */ = {isa = PBXFileReference; lastKnownFileType = sourcecode.swift; path = Register_Page_ViewController.swift; sourceTree = "<group>"; };
		1FE473FA29AE69BC005AB931 /* GoogleService-Info.plist */ = {isa = PBXFileReference; fileEncoding = 4; lastKnownFileType = text.plist.xml; path = "GoogleService-Info.plist"; sourceTree = "<group>"; };
		1FE473FC29AE8126005AB931 /* Home_Tab_ViewController.swift */ = {isa = PBXFileReference; lastKnownFileType = sourcecode.swift; path = Home_Tab_ViewController.swift; sourceTree = "<group>"; };
		1FE4740029AE854C005AB931 /* Settings_ViewController.swift */ = {isa = PBXFileReference; lastKnownFileType = sourcecode.swift; path = Settings_ViewController.swift; sourceTree = "<group>"; };
		1FE4740429AE857A005AB931 /* Favourites_ViewController.swift */ = {isa = PBXFileReference; lastKnownFileType = sourcecode.swift; path = Favourites_ViewController.swift; sourceTree = "<group>"; };
		1FE4740829AE861E005AB931 /* Main_UITabBarControllerViewController.swift */ = {isa = PBXFileReference; lastKnownFileType = sourcecode.swift; path = Main_UITabBarControllerViewController.swift; sourceTree = "<group>"; };
		290A2C20193BD640D777639A /* Pods_seasonalyze_seasonalyzeUITests.framework */ = {isa = PBXFileReference; explicitFileType = wrapper.framework; includeInIndex = 0; path = Pods_seasonalyze_seasonalyzeUITests.framework; sourceTree = BUILT_PRODUCTS_DIR; };
		868642DEF23385D396FB9830 /* Pods-seasonalyze.debug.xcconfig */ = {isa = PBXFileReference; includeInIndex = 1; lastKnownFileType = text.xcconfig; name = "Pods-seasonalyze.debug.xcconfig"; path = "Target Support Files/Pods-seasonalyze/Pods-seasonalyze.debug.xcconfig"; sourceTree = "<group>"; };
		8FA47DE819D1C94A91289A03 /* Pods-seasonalyze.release.xcconfig */ = {isa = PBXFileReference; includeInIndex = 1; lastKnownFileType = text.xcconfig; name = "Pods-seasonalyze.release.xcconfig"; path = "Target Support Files/Pods-seasonalyze/Pods-seasonalyze.release.xcconfig"; sourceTree = "<group>"; };
		A26FCC4329F929316932FC5B /* Pods_seasonalyze.framework */ = {isa = PBXFileReference; explicitFileType = wrapper.framework; includeInIndex = 0; path = Pods_seasonalyze.framework; sourceTree = BUILT_PRODUCTS_DIR; };
		A80EE71F83B97C5B8D39B453 /* Pods_seasonalyzeTests.framework */ = {isa = PBXFileReference; explicitFileType = wrapper.framework; includeInIndex = 0; path = Pods_seasonalyzeTests.framework; sourceTree = BUILT_PRODUCTS_DIR; };
		B917448AE152EC512A6E0764 /* Pods-seasonalyze-seasonalyzeUITests.debug.xcconfig */ = {isa = PBXFileReference; includeInIndex = 1; lastKnownFileType = text.xcconfig; name = "Pods-seasonalyze-seasonalyzeUITests.debug.xcconfig"; path = "Target Support Files/Pods-seasonalyze-seasonalyzeUITests/Pods-seasonalyze-seasonalyzeUITests.debug.xcconfig"; sourceTree = "<group>"; };
		CAB9FCC1F2F4D96C18FF455A /* Pods-seasonalyzeTests.release.xcconfig */ = {isa = PBXFileReference; includeInIndex = 1; lastKnownFileType = text.xcconfig; name = "Pods-seasonalyzeTests.release.xcconfig"; path = "Target Support Files/Pods-seasonalyzeTests/Pods-seasonalyzeTests.release.xcconfig"; sourceTree = "<group>"; };
		D37CB98FAD4EBF7AA8817891 /* Pods-seasonalyze-seasonalyzeUITests.release.xcconfig */ = {isa = PBXFileReference; includeInIndex = 1; lastKnownFileType = text.xcconfig; name = "Pods-seasonalyze-seasonalyzeUITests.release.xcconfig"; path = "Target Support Files/Pods-seasonalyze-seasonalyzeUITests/Pods-seasonalyze-seasonalyzeUITests.release.xcconfig"; sourceTree = "<group>"; };
		D8A2964AA8BE9D744B3D021F /* Pods-seasonalyzeTests.debug.xcconfig */ = {isa = PBXFileReference; includeInIndex = 1; lastKnownFileType = text.xcconfig; name = "Pods-seasonalyzeTests.debug.xcconfig"; path = "Target Support Files/Pods-seasonalyzeTests/Pods-seasonalyzeTests.debug.xcconfig"; sourceTree = "<group>"; };
/* End PBXFileReference section */

/* Begin PBXFrameworksBuildPhase section */
		1F5E48C629AB5FD70073E735 /* Frameworks */ = {
			isa = PBXFrameworksBuildPhase;
			buildActionMask = 2147483647;
			files = (
				105BBE3067DDB77BF50A146C /* Pods_seasonalyze.framework in Frameworks */,
			);
			runOnlyForDeploymentPostprocessing = 0;
		};
		1F5E48DF29AB5FDB0073E735 /* Frameworks */ = {
			isa = PBXFrameworksBuildPhase;
			buildActionMask = 2147483647;
			files = (
				0A091CA44B3B691DFDEFD946 /* Pods_seasonalyzeTests.framework in Frameworks */,
			);
			runOnlyForDeploymentPostprocessing = 0;
		};
		1F5E48E929AB5FDB0073E735 /* Frameworks */ = {
			isa = PBXFrameworksBuildPhase;
			buildActionMask = 2147483647;
			files = (
				BC84B391CDE0A2E6B00524C8 /* Pods_seasonalyze_seasonalyzeUITests.framework in Frameworks */,
			);
			runOnlyForDeploymentPostprocessing = 0;
		};
/* End PBXFrameworksBuildPhase section */

/* Begin PBXGroup section */
		1F5E48C029AB5FD70073E735 = {
			isa = PBXGroup;
			children = (
				1F5E48CB29AB5FD70073E735 /* seasonalyze */,
				1F5E48E529AB5FDB0073E735 /* seasonalyzeTests */,
				1F5E48EF29AB5FDB0073E735 /* seasonalyzeUITests */,
				1F8FB8DD29B143EE0006875B /* autofill_seasonalyze */,
				1F8FB8F329B144480006875B /* network_seasonalyze */,
				1F5E48CA29AB5FD70073E735 /* Products */,
				C396F54663B91D1EDAEFBCAE /* Pods */,
				A7EA75A17A8542432ACEFE1B /* Frameworks */,
			);
			sourceTree = "<group>";
		};
		1F5E48CA29AB5FD70073E735 /* Products */ = {
			isa = PBXGroup;
			children = (
				1F5E48C929AB5FD70073E735 /* seasonalyze.app */,
				1F5E48E229AB5FDB0073E735 /* seasonalyzeTests.xctest */,
				1F5E48EC29AB5FDB0073E735 /* seasonalyzeUITests.xctest */,
			);
			name = Products;
			sourceTree = "<group>";
		};
		1F5E48CB29AB5FD70073E735 /* seasonalyze */ = {
			isa = PBXGroup;
			children = (
				1F8FB8FE29B1448C0006875B /* seasonalyze.entitlements */,
				1FE473FA29AE69BC005AB931 /* GoogleService-Info.plist */,
				1F5E48CC29AB5FD70073E735 /* AppDelegate.swift */,
				1F5E48CE29AB5FD70073E735 /* SceneDelegate.swift */,
				1F5E48D029AB5FD70073E735 /* LaunchPage.swift */,
				1F5E48D229AB5FD70073E735 /* Main.storyboard */,
				1F5E48D829AB5FDA0073E735 /* Assets.xcassets */,
				1F5E48DA29AB5FDA0073E735 /* LaunchScreen.storyboard */,
				1F5E48DD29AB5FDA0073E735 /* Info.plist */,
				1F5E48D529AB5FD70073E735 /* seasonalyze.xcdatamodeld */,
				1FD5529229ACABC00054D747 /* Login_Page_ViewController.swift */,
				1FD5529629ACAF920054D747 /* Register_Page_ViewController.swift */,
				1FE473FC29AE8126005AB931 /* Home_Tab_ViewController.swift */,
				1FE4740029AE854C005AB931 /* Settings_ViewController.swift */,
				1FE4740429AE857A005AB931 /* Favourites_ViewController.swift */,
				1FE4740829AE861E005AB931 /* Main_UITabBarControllerViewController.swift */,
				1FAED37029AF29970017459B /* Test_ViewController.swift */,
				1FBA2C0E29AF6F2F00EA7BD3 /* Test2_ViewController.swift */,
			);
			path = seasonalyze;
			sourceTree = "<group>";
		};
		1F5E48E529AB5FDB0073E735 /* seasonalyzeTests */ = {
			isa = PBXGroup;
			children = (
				1F5E48E629AB5FDB0073E735 /* seasonalyzeTests.swift */,
			);
			path = seasonalyzeTests;
			sourceTree = "<group>";
		};
		1F5E48EF29AB5FDB0073E735 /* seasonalyzeUITests */ = {
			isa = PBXGroup;
			children = (
				1F5E48F029AB5FDB0073E735 /* seasonalyzeUITests.swift */,
				1F5E48F229AB5FDB0073E735 /* seasonalyzeUITestsLaunchTests.swift */,
			);
			path = seasonalyzeUITests;
			sourceTree = "<group>";
		};
		1F8FB8DD29B143EE0006875B /* autofill_seasonalyze */ = {
			isa = PBXGroup;
			children = (
				1F8FB8DE29B143EE0006875B /* CredentialProviderViewController.swift */,
				1F8FB8E029B143EE0006875B /* MainInterface.storyboard */,
				1F8FB8E329B143EE0006875B /* Info.plist */,
				1F8FB8E429B143EE0006875B /* autofill_seasonalyze.entitlements */,
			);
			path = autofill_seasonalyze;
			sourceTree = "<group>";
		};
		1F8FB8F329B144480006875B /* network_seasonalyze */ = {
			isa = PBXGroup;
			children = (
				1F8FB8F429B144480006875B /* AppProxyProvider.swift */,
				1F8FB8F629B144480006875B /* Info.plist */,
				1F8FB8F729B144480006875B /* network_seasonalyze.entitlements */,
			);
			path = network_seasonalyze;
			sourceTree = "<group>";
		};
		A7EA75A17A8542432ACEFE1B /* Frameworks */ = {
			isa = PBXGroup;
			children = (
				A26FCC4329F929316932FC5B /* Pods_seasonalyze.framework */,
				290A2C20193BD640D777639A /* Pods_seasonalyze_seasonalyzeUITests.framework */,
				A80EE71F83B97C5B8D39B453 /* Pods_seasonalyzeTests.framework */,
				1F8FB8DB29B143ED0006875B /* AuthenticationServices.framework */,
				1F8FB8F129B144480006875B /* NetworkExtension.framework */,
			);
			name = Frameworks;
			sourceTree = "<group>";
		};
		C396F54663B91D1EDAEFBCAE /* Pods */ = {
			isa = PBXGroup;
			children = (
				868642DEF23385D396FB9830 /* Pods-seasonalyze.debug.xcconfig */,
				8FA47DE819D1C94A91289A03 /* Pods-seasonalyze.release.xcconfig */,
				B917448AE152EC512A6E0764 /* Pods-seasonalyze-seasonalyzeUITests.debug.xcconfig */,
				D37CB98FAD4EBF7AA8817891 /* Pods-seasonalyze-seasonalyzeUITests.release.xcconfig */,
				D8A2964AA8BE9D744B3D021F /* Pods-seasonalyzeTests.debug.xcconfig */,
				CAB9FCC1F2F4D96C18FF455A /* Pods-seasonalyzeTests.release.xcconfig */,
			);
			path = Pods;
			sourceTree = "<group>";
		};
/* End PBXGroup section */

/* Begin PBXNativeTarget section */
		1F5E48C829AB5FD70073E735 /* seasonalyze */ = {
			isa = PBXNativeTarget;
			buildConfigurationList = 1F5E48F629AB5FDB0073E735 /* Build configuration list for PBXNativeTarget "seasonalyze" */;
			buildPhases = (
				5983628F04366577500217C6 /* [CP] Check Pods Manifest.lock */,
				1F5E48C529AB5FD70073E735 /* Sources */,
				1F5E48C629AB5FD70073E735 /* Frameworks */,
				1F5E48C729AB5FD70073E735 /* Resources */,
				EE5B123960FA2C2FDE36FF2B /* [CP] Embed Pods Frameworks */,
				1F8FB8EB29B143EF0006875B /* Embed Foundation Extensions */,
			);
			buildRules = (
			);
			dependencies = (
			);
			name = seasonalyze;
			productName = seasonalyze;
			productReference = 1F5E48C929AB5FD70073E735 /* seasonalyze.app */;
			productType = "com.apple.product-type.application";
		};
		1F5E48E129AB5FDB0073E735 /* seasonalyzeTests */ = {
			isa = PBXNativeTarget;
			buildConfigurationList = 1F5E48F929AB5FDB0073E735 /* Build configuration list for PBXNativeTarget "seasonalyzeTests" */;
			buildPhases = (
				D428E90C051EB776611A0DCC /* [CP] Check Pods Manifest.lock */,
				1F5E48DE29AB5FDB0073E735 /* Sources */,
				1F5E48DF29AB5FDB0073E735 /* Frameworks */,
				1F5E48E029AB5FDB0073E735 /* Resources */,
			);
			buildRules = (
			);
			dependencies = (
				1F5E48E429AB5FDB0073E735 /* PBXTargetDependency */,
			);
			name = seasonalyzeTests;
			productName = seasonalyzeTests;
			productReference = 1F5E48E229AB5FDB0073E735 /* seasonalyzeTests.xctest */;
			productType = "com.apple.product-type.bundle.unit-test";
		};
		1F5E48EB29AB5FDB0073E735 /* seasonalyzeUITests */ = {
			isa = PBXNativeTarget;
			buildConfigurationList = 1F5E48FC29AB5FDB0073E735 /* Build configuration list for PBXNativeTarget "seasonalyzeUITests" */;
			buildPhases = (
				BD23847DEADC676A05AC6784 /* [CP] Check Pods Manifest.lock */,
				1F5E48E829AB5FDB0073E735 /* Sources */,
				1F5E48E929AB5FDB0073E735 /* Frameworks */,
				1F5E48EA29AB5FDB0073E735 /* Resources */,
				E75E121B9526C4365C77E5B4 /* [CP] Embed Pods Frameworks */,
			);
			buildRules = (
			);
			dependencies = (
				1F5E48EE29AB5FDB0073E735 /* PBXTargetDependency */,
			);
			name = seasonalyzeUITests;
			productName = seasonalyzeUITests;
			productReference = 1F5E48EC29AB5FDB0073E735 /* seasonalyzeUITests.xctest */;
			productType = "com.apple.product-type.bundle.ui-testing";
		};
/* End PBXNativeTarget section */

/* Begin PBXProject section */
		1F5E48C129AB5FD70073E735 /* Project object */ = {
			isa = PBXProject;
			attributes = {
				BuildIndependentTargetsInParallel = 1;
				LastSwiftUpdateCheck = 1420;
				LastUpgradeCheck = 1420;
				TargetAttributes = {
					1F5E48C829AB5FD70073E735 = {
						CreatedOnToolsVersion = 14.2;
					};
					1F5E48E129AB5FDB0073E735 = {
						CreatedOnToolsVersion = 14.2;
						TestTargetID = 1F5E48C829AB5FD70073E735;
					};
					1F5E48EB29AB5FDB0073E735 = {
						CreatedOnToolsVersion = 14.2;
						TestTargetID = 1F5E48C829AB5FD70073E735;
					};
				};
			};
			buildConfigurationList = 1F5E48C429AB5FD70073E735 /* Build configuration list for PBXProject "seasonalyze" */;
			compatibilityVersion = "Xcode 14.0";
			developmentRegion = en;
			hasScannedForEncodings = 0;
			knownRegions = (
				en,
				Base,
			);
			mainGroup = 1F5E48C029AB5FD70073E735;
			productRefGroup = 1F5E48CA29AB5FD70073E735 /* Products */;
			projectDirPath = "";
			projectRoot = "";
			targets = (
				1F5E48C829AB5FD70073E735 /* seasonalyze */,
				1F5E48E129AB5FDB0073E735 /* seasonalyzeTests */,
				1F5E48EB29AB5FDB0073E735 /* seasonalyzeUITests */,
			);
		};
/* End PBXProject section */

/* Begin PBXResourcesBuildPhase section */
		1F5E48C729AB5FD70073E735 /* Resources */ = {
			isa = PBXResourcesBuildPhase;
			buildActionMask = 2147483647;
			files = (
				1F5E48DC29AB5FDA0073E735 /* LaunchScreen.storyboard in Resources */,
				1FE473FB29AE69BD005AB931 /* GoogleService-Info.plist in Resources */,
				1F5E48D929AB5FDA0073E735 /* Assets.xcassets in Resources */,
				1F5E48D429AB5FD70073E735 /* Main.storyboard in Resources */,
			);
			runOnlyForDeploymentPostprocessing = 0;
		};
		1F5E48E029AB5FDB0073E735 /* Resources */ = {
			isa = PBXResourcesBuildPhase;
			buildActionMask = 2147483647;
			files = (
			);
			runOnlyForDeploymentPostprocessing = 0;
		};
		1F5E48EA29AB5FDB0073E735 /* Resources */ = {
			isa = PBXResourcesBuildPhase;
			buildActionMask = 2147483647;
			files = (
			);
			runOnlyForDeploymentPostprocessing = 0;
		};
/* End PBXResourcesBuildPhase section */

/* Begin PBXShellScriptBuildPhase section */
		5983628F04366577500217C6 /* [CP] Check Pods Manifest.lock */ = {
			isa = PBXShellScriptBuildPhase;
			buildActionMask = 2147483647;
			files = (
			);
			inputFileListPaths = (
			);
			inputPaths = (
				"${PODS_PODFILE_DIR_PATH}/Podfile.lock",
				"${PODS_ROOT}/Manifest.lock",
			);
			name = "[CP] Check Pods Manifest.lock";
			outputFileListPaths = (
			);
			outputPaths = (
				"$(DERIVED_FILE_DIR)/Pods-seasonalyze-checkManifestLockResult.txt",
			);
			runOnlyForDeploymentPostprocessing = 0;
			shellPath = /bin/sh;
			shellScript = "diff \"${PODS_PODFILE_DIR_PATH}/Podfile.lock\" \"${PODS_ROOT}/Manifest.lock\" > /dev/null\nif [ $? != 0 ] ; then\n    # print error to STDERR\n    echo \"error: The sandbox is not in sync with the Podfile.lock. Run 'pod install' or update your CocoaPods installation.\" >&2\n    exit 1\nfi\n# This output is used by Xcode 'outputs' to avoid re-running this script phase.\necho \"SUCCESS\" > \"${SCRIPT_OUTPUT_FILE_0}\"\n";
			showEnvVarsInLog = 0;
		};
		BD23847DEADC676A05AC6784 /* [CP] Check Pods Manifest.lock */ = {
			isa = PBXShellScriptBuildPhase;
			buildActionMask = 2147483647;
			files = (
			);
			inputFileListPaths = (
			);
			inputPaths = (
				"${PODS_PODFILE_DIR_PATH}/Podfile.lock",
				"${PODS_ROOT}/Manifest.lock",
			);
			name = "[CP] Check Pods Manifest.lock";
			outputFileListPaths = (
			);
			outputPaths = (
				"$(DERIVED_FILE_DIR)/Pods-seasonalyze-seasonalyzeUITests-checkManifestLockResult.txt",
			);
			runOnlyForDeploymentPostprocessing = 0;
			shellPath = /bin/sh;
			shellScript = "diff \"${PODS_PODFILE_DIR_PATH}/Podfile.lock\" \"${PODS_ROOT}/Manifest.lock\" > /dev/null\nif [ $? != 0 ] ; then\n    # print error to STDERR\n    echo \"error: The sandbox is not in sync with the Podfile.lock. Run 'pod install' or update your CocoaPods installation.\" >&2\n    exit 1\nfi\n# This output is used by Xcode 'outputs' to avoid re-running this script phase.\necho \"SUCCESS\" > \"${SCRIPT_OUTPUT_FILE_0}\"\n";
			showEnvVarsInLog = 0;
		};
		D428E90C051EB776611A0DCC /* [CP] Check Pods Manifest.lock */ = {
			isa = PBXShellScriptBuildPhase;
			buildActionMask = 2147483647;
			files = (
			);
			inputFileListPaths = (
			);
			inputPaths = (
				"${PODS_PODFILE_DIR_PATH}/Podfile.lock",
				"${PODS_ROOT}/Manifest.lock",
			);
			name = "[CP] Check Pods Manifest.lock";
			outputFileListPaths = (
			);
			outputPaths = (
				"$(DERIVED_FILE_DIR)/Pods-seasonalyzeTests-checkManifestLockResult.txt",
			);
			runOnlyForDeploymentPostprocessing = 0;
			shellPath = /bin/sh;
			shellScript = "diff \"${PODS_PODFILE_DIR_PATH}/Podfile.lock\" \"${PODS_ROOT}/Manifest.lock\" > /dev/null\nif [ $? != 0 ] ; then\n    # print error to STDERR\n    echo \"error: The sandbox is not in sync with the Podfile.lock. Run 'pod install' or update your CocoaPods installation.\" >&2\n    exit 1\nfi\n# This output is used by Xcode 'outputs' to avoid re-running this script phase.\necho \"SUCCESS\" > \"${SCRIPT_OUTPUT_FILE_0}\"\n";
			showEnvVarsInLog = 0;
		};
		E75E121B9526C4365C77E5B4 /* [CP] Embed Pods Frameworks */ = {
			isa = PBXShellScriptBuildPhase;
			buildActionMask = 2147483647;
			files = (
			);
			inputFileListPaths = (
				"${PODS_ROOT}/Target Support Files/Pods-seasonalyze-seasonalyzeUITests/Pods-seasonalyze-seasonalyzeUITests-frameworks-${CONFIGURATION}-input-files.xcfilelist",
			);
			name = "[CP] Embed Pods Frameworks";
			outputFileListPaths = (
				"${PODS_ROOT}/Target Support Files/Pods-seasonalyze-seasonalyzeUITests/Pods-seasonalyze-seasonalyzeUITests-frameworks-${CONFIGURATION}-output-files.xcfilelist",
			);
			runOnlyForDeploymentPostprocessing = 0;
			shellPath = /bin/sh;
			shellScript = "\"${PODS_ROOT}/Target Support Files/Pods-seasonalyze-seasonalyzeUITests/Pods-seasonalyze-seasonalyzeUITests-frameworks.sh\"\n";
			showEnvVarsInLog = 0;
		};
		EE5B123960FA2C2FDE36FF2B /* [CP] Embed Pods Frameworks */ = {
			isa = PBXShellScriptBuildPhase;
			buildActionMask = 2147483647;
			files = (
			);
			inputFileListPaths = (
				"${PODS_ROOT}/Target Support Files/Pods-seasonalyze/Pods-seasonalyze-frameworks-${CONFIGURATION}-input-files.xcfilelist",
			);
			name = "[CP] Embed Pods Frameworks";
			outputFileListPaths = (
				"${PODS_ROOT}/Target Support Files/Pods-seasonalyze/Pods-seasonalyze-frameworks-${CONFIGURATION}-output-files.xcfilelist",
			);
			runOnlyForDeploymentPostprocessing = 0;
			shellPath = /bin/sh;
			shellScript = "\"${PODS_ROOT}/Target Support Files/Pods-seasonalyze/Pods-seasonalyze-frameworks.sh\"\n";
			showEnvVarsInLog = 0;
		};
/* End PBXShellScriptBuildPhase section */

/* Begin PBXSourcesBuildPhase section */
		1F5E48C529AB5FD70073E735 /* Sources */ = {
			isa = PBXSourcesBuildPhase;
			buildActionMask = 2147483647;
			files = (
				1F5E48D129AB5FD70073E735 /* LaunchPage.swift in Sources */,
				1FE4740929AE861E005AB931 /* Main_UITabBarControllerViewController.swift in Sources */,
				1F5E48CD29AB5FD70073E735 /* AppDelegate.swift in Sources */,
				1FE4740529AE857A005AB931 /* Favourites_ViewController.swift in Sources */,
				1F5E48D729AB5FD70073E735 /* seasonalyze.xcdatamodeld in Sources */,
				1FBA2C0F29AF6F3000EA7BD3 /* Test2_ViewController.swift in Sources */,
				1FD5529329ACABC00054D747 /* Login_Page_ViewController.swift in Sources */,
				1FD5529729ACAF920054D747 /* Register_Page_ViewController.swift in Sources */,
				1FAED37129AF29980017459B /* Test_ViewController.swift in Sources */,
				1F5E48CF29AB5FD70073E735 /* SceneDelegate.swift in Sources */,
				1FE473FD29AE8126005AB931 /* Home_Tab_ViewController.swift in Sources */,
				1FE4740129AE854C005AB931 /* Settings_ViewController.swift in Sources */,
			);
			runOnlyForDeploymentPostprocessing = 0;
		};
		1F5E48DE29AB5FDB0073E735 /* Sources */ = {
			isa = PBXSourcesBuildPhase;
			buildActionMask = 2147483647;
			files = (
				1F5E48E729AB5FDB0073E735 /* seasonalyzeTests.swift in Sources */,
				1FE473FE29AE8126005AB931 /* Home_Tab_ViewController.swift in Sources */,
				1FE4740629AE857A005AB931 /* Favourites_ViewController.swift in Sources */,
				1FE4740229AE854C005AB931 /* Settings_ViewController.swift in Sources */,
				1FD5529829ACAF920054D747 /* Register_Page_ViewController.swift in Sources */,
				1FD5529429ACABC00054D747 /* Login_Page_ViewController.swift in Sources */,
				1FE4740A29AE861E005AB931 /* Main_UITabBarControllerViewController.swift in Sources */,
			);
			runOnlyForDeploymentPostprocessing = 0;
		};
		1F5E48E829AB5FDB0073E735 /* Sources */ = {
			isa = PBXSourcesBuildPhase;
			buildActionMask = 2147483647;
			files = (
				1FE4740729AE857A005AB931 /* Favourites_ViewController.swift in Sources */,
				1FD5529929ACAF920054D747 /* Register_Page_ViewController.swift in Sources */,
				1FE4740329AE854C005AB931 /* Settings_ViewController.swift in Sources */,
				1FD5529529ACABC00054D747 /* Login_Page_ViewController.swift in Sources */,
				1F5E48F129AB5FDB0073E735 /* seasonalyzeUITests.swift in Sources */,
				1F5E48F329AB5FDB0073E735 /* seasonalyzeUITestsLaunchTests.swift in Sources */,
				1FE473FF29AE8126005AB931 /* Home_Tab_ViewController.swift in Sources */,
				1FE4740B29AE861E005AB931 /* Main_UITabBarControllerViewController.swift in Sources */,
			);
			runOnlyForDeploymentPostprocessing = 0;
		};
/* End PBXSourcesBuildPhase section */

/* Begin PBXTargetDependency section */
		1F5E48E429AB5FDB0073E735 /* PBXTargetDependency */ = {
			isa = PBXTargetDependency;
			target = 1F5E48C829AB5FD70073E735 /* seasonalyze */;
			targetProxy = 1F5E48E329AB5FDB0073E735 /* PBXContainerItemProxy */;
		};
		1F5E48EE29AB5FDB0073E735 /* PBXTargetDependency */ = {
			isa = PBXTargetDependency;
			target = 1F5E48C829AB5FD70073E735 /* seasonalyze */;
			targetProxy = 1F5E48ED29AB5FDB0073E735 /* PBXContainerItemProxy */;
		};
/* End PBXTargetDependency section */

/* Begin PBXVariantGroup section */
		1F5E48D229AB5FD70073E735 /* Main.storyboard */ = {
			isa = PBXVariantGroup;
			children = (
				1F5E48D329AB5FD70073E735 /* Base */,
			);
			name = Main.storyboard;
			sourceTree = "<group>";
		};
		1F5E48DA29AB5FDA0073E735 /* LaunchScreen.storyboard */ = {
			isa = PBXVariantGroup;
			children = (
				1F5E48DB29AB5FDA0073E735 /* Base */,
			);
			name = LaunchScreen.storyboard;
			sourceTree = "<group>";
		};
		1F8FB8E029B143EE0006875B /* MainInterface.storyboard */ = {
			isa = PBXVariantGroup;
			children = (
				1F8FB8E129B143EE0006875B /* Base */,
			);
			name = MainInterface.storyboard;
			sourceTree = "<group>";
		};
/* End PBXVariantGroup section */

/* Begin XCBuildConfiguration section */
		1F5E48F429AB5FDB0073E735 /* Debug */ = {
			isa = XCBuildConfiguration;
			buildSettings = {
				ALWAYS_SEARCH_USER_PATHS = NO;
				CLANG_ANALYZER_NONNULL = YES;
				CLANG_ANALYZER_NUMBER_OBJECT_CONVERSION = YES_AGGRESSIVE;
				CLANG_CXX_LANGUAGE_STANDARD = "gnu++20";
				CLANG_ENABLE_MODULES = YES;
				CLANG_ENABLE_OBJC_ARC = YES;
				CLANG_ENABLE_OBJC_WEAK = YES;
				CLANG_WARN_BLOCK_CAPTURE_AUTORELEASING = YES;
				CLANG_WARN_BOOL_CONVERSION = YES;
				CLANG_WARN_COMMA = YES;
				CLANG_WARN_CONSTANT_CONVERSION = YES;
				CLANG_WARN_DEPRECATED_OBJC_IMPLEMENTATIONS = YES;
				CLANG_WARN_DIRECT_OBJC_ISA_USAGE = YES_ERROR;
				CLANG_WARN_DOCUMENTATION_COMMENTS = YES;
				CLANG_WARN_EMPTY_BODY = YES;
				CLANG_WARN_ENUM_CONVERSION = YES;
				CLANG_WARN_INFINITE_RECURSION = YES;
				CLANG_WARN_INT_CONVERSION = YES;
				CLANG_WARN_NON_LITERAL_NULL_CONVERSION = YES;
				CLANG_WARN_OBJC_IMPLICIT_RETAIN_SELF = YES;
				CLANG_WARN_OBJC_LITERAL_CONVERSION = YES;
				CLANG_WARN_OBJC_ROOT_CLASS = YES_ERROR;
				CLANG_WARN_QUOTED_INCLUDE_IN_FRAMEWORK_HEADER = YES;
				CLANG_WARN_RANGE_LOOP_ANALYSIS = YES;
				CLANG_WARN_STRICT_PROTOTYPES = YES;
				CLANG_WARN_SUSPICIOUS_MOVE = YES;
				CLANG_WARN_UNGUARDED_AVAILABILITY = YES_AGGRESSIVE;
				CLANG_WARN_UNREACHABLE_CODE = YES;
				CLANG_WARN__DUPLICATE_METHOD_MATCH = YES;
				COPY_PHASE_STRIP = NO;
				DEBUG_INFORMATION_FORMAT = dwarf;
				ENABLE_STRICT_OBJC_MSGSEND = YES;
				ENABLE_TESTABILITY = YES;
				GCC_C_LANGUAGE_STANDARD = gnu11;
				GCC_DYNAMIC_NO_PIC = NO;
				GCC_NO_COMMON_BLOCKS = YES;
				GCC_OPTIMIZATION_LEVEL = 0;
				GCC_PREPROCESSOR_DEFINITIONS = (
					"DEBUG=1",
					"$(inherited)",
				);
				GCC_WARN_64_TO_32_BIT_CONVERSION = YES;
				GCC_WARN_ABOUT_RETURN_TYPE = YES_ERROR;
				GCC_WARN_UNDECLARED_SELECTOR = YES;
				GCC_WARN_UNINITIALIZED_AUTOS = YES_AGGRESSIVE;
				GCC_WARN_UNUSED_FUNCTION = YES;
				GCC_WARN_UNUSED_VARIABLE = YES;
				IPHONEOS_DEPLOYMENT_TARGET = 16.2;
				MTL_ENABLE_DEBUG_INFO = INCLUDE_SOURCE;
				MTL_FAST_MATH = YES;
				ONLY_ACTIVE_ARCH = YES;
				SDKROOT = iphoneos;
				SWIFT_ACTIVE_COMPILATION_CONDITIONS = DEBUG;
				SWIFT_OPTIMIZATION_LEVEL = "-Onone";
			};
			name = Debug;
		};
		1F5E48F529AB5FDB0073E735 /* Release */ = {
			isa = XCBuildConfiguration;
			buildSettings = {
				ALWAYS_SEARCH_USER_PATHS = NO;
				CLANG_ANALYZER_NONNULL = YES;
				CLANG_ANALYZER_NUMBER_OBJECT_CONVERSION = YES_AGGRESSIVE;
				CLANG_CXX_LANGUAGE_STANDARD = "gnu++20";
				CLANG_ENABLE_MODULES = YES;
				CLANG_ENABLE_OBJC_ARC = YES;
				CLANG_ENABLE_OBJC_WEAK = YES;
				CLANG_WARN_BLOCK_CAPTURE_AUTORELEASING = YES;
				CLANG_WARN_BOOL_CONVERSION = YES;
				CLANG_WARN_COMMA = YES;
				CLANG_WARN_CONSTANT_CONVERSION = YES;
				CLANG_WARN_DEPRECATED_OBJC_IMPLEMENTATIONS = YES;
				CLANG_WARN_DIRECT_OBJC_ISA_USAGE = YES_ERROR;
				CLANG_WARN_DOCUMENTATION_COMMENTS = YES;
				CLANG_WARN_EMPTY_BODY = YES;
				CLANG_WARN_ENUM_CONVERSION = YES;
				CLANG_WARN_INFINITE_RECURSION = YES;
				CLANG_WARN_INT_CONVERSION = YES;
				CLANG_WARN_NON_LITERAL_NULL_CONVERSION = YES;
				CLANG_WARN_OBJC_IMPLICIT_RETAIN_SELF = YES;
				CLANG_WARN_OBJC_LITERAL_CONVERSION = YES;
				CLANG_WARN_OBJC_ROOT_CLASS = YES_ERROR;
				CLANG_WARN_QUOTED_INCLUDE_IN_FRAMEWORK_HEADER = YES;
				CLANG_WARN_RANGE_LOOP_ANALYSIS = YES;
				CLANG_WARN_STRICT_PROTOTYPES = YES;
				CLANG_WARN_SUSPICIOUS_MOVE = YES;
				CLANG_WARN_UNGUARDED_AVAILABILITY = YES_AGGRESSIVE;
				CLANG_WARN_UNREACHABLE_CODE = YES;
				CLANG_WARN__DUPLICATE_METHOD_MATCH = YES;
				COPY_PHASE_STRIP = NO;
				DEBUG_INFORMATION_FORMAT = "dwarf-with-dsym";
				ENABLE_NS_ASSERTIONS = NO;
				ENABLE_STRICT_OBJC_MSGSEND = YES;
				GCC_C_LANGUAGE_STANDARD = gnu11;
				GCC_NO_COMMON_BLOCKS = YES;
				GCC_WARN_64_TO_32_BIT_CONVERSION = YES;
				GCC_WARN_ABOUT_RETURN_TYPE = YES_ERROR;
				GCC_WARN_UNDECLARED_SELECTOR = YES;
				GCC_WARN_UNINITIALIZED_AUTOS = YES_AGGRESSIVE;
				GCC_WARN_UNUSED_FUNCTION = YES;
				GCC_WARN_UNUSED_VARIABLE = YES;
				IPHONEOS_DEPLOYMENT_TARGET = 16.2;
				MTL_ENABLE_DEBUG_INFO = NO;
				MTL_FAST_MATH = YES;
				SDKROOT = iphoneos;
				SWIFT_COMPILATION_MODE = wholemodule;
				SWIFT_OPTIMIZATION_LEVEL = "-O";
				VALIDATE_PRODUCT = YES;
			};
			name = Release;
		};
		1F5E48F729AB5FDB0073E735 /* Debug */ = {
			isa = XCBuildConfiguration;
			baseConfigurationReference = 868642DEF23385D396FB9830 /* Pods-seasonalyze.debug.xcconfig */;
			buildSettings = {
				ALWAYS_EMBED_SWIFT_STANDARD_LIBRARIES = YES;
				ASSETCATALOG_COMPILER_APPICON_NAME = AppIcon;
				ASSETCATALOG_COMPILER_GLOBAL_ACCENT_COLOR_NAME = AccentColor;
				CODE_SIGN_ENTITLEMENTS = seasonalyze/seasonalyze.entitlements;
				CODE_SIGN_IDENTITY = "Apple Development";
				CODE_SIGN_STYLE = Automatic;
				CURRENT_PROJECT_VERSION = 1;
				DEVELOPMENT_TEAM = S33M37958A;
				GENERATE_INFOPLIST_FILE = YES;
				INFOPLIST_FILE = seasonalyze/Info.plist;
				INFOPLIST_KEY_LSApplicationCategoryType = "public.app-category.finance";
				INFOPLIST_KEY_UIApplicationSupportsIndirectInputEvents = YES;
				INFOPLIST_KEY_UILaunchStoryboardName = LaunchScreen;
				INFOPLIST_KEY_UIMainStoryboardFile = Main;
				INFOPLIST_KEY_UIStatusBarStyle = "";
				INFOPLIST_KEY_UISupportedInterfaceOrientations = UIInterfaceOrientationPortrait;
				INFOPLIST_KEY_UISupportedInterfaceOrientations_iPad = "UIInterfaceOrientationLandscapeLeft UIInterfaceOrientationLandscapeRight UIInterfaceOrientationPortrait UIInterfaceOrientationPortraitUpsideDown";
				LD_RUNPATH_SEARCH_PATHS = (
					"$(inherited)",
					"@executable_path/Frameworks",
				);
				MARKETING_VERSION = 1.0;
				PRODUCT_BUNDLE_IDENTIFIER = Fabianstiewe.seasonalyze;
				PRODUCT_NAME = "$(TARGET_NAME)";
				PROVISIONING_PROFILE_SPECIFIER = "";
				SWIFT_EMIT_LOC_STRINGS = YES;
				SWIFT_VERSION = 5.0;
				TARGETED_DEVICE_FAMILY = "1,2";
			};
			name = Debug;
		};
		1F5E48F829AB5FDB0073E735 /* Release */ = {
			isa = XCBuildConfiguration;
			baseConfigurationReference = 8FA47DE819D1C94A91289A03 /* Pods-seasonalyze.release.xcconfig */;
			buildSettings = {
				ALWAYS_EMBED_SWIFT_STANDARD_LIBRARIES = YES;
				ASSETCATALOG_COMPILER_APPICON_NAME = AppIcon;
				ASSETCATALOG_COMPILER_GLOBAL_ACCENT_COLOR_NAME = AccentColor;
				CODE_SIGN_ENTITLEMENTS = seasonalyze/seasonalyze.entitlements;
				CODE_SIGN_IDENTITY = "Apple Development";
				CODE_SIGN_STYLE = Automatic;
				CURRENT_PROJECT_VERSION = 1;
				DEVELOPMENT_TEAM = S33M37958A;
				GENERATE_INFOPLIST_FILE = YES;
				INFOPLIST_FILE = seasonalyze/Info.plist;
				INFOPLIST_KEY_LSApplicationCategoryType = "public.app-category.finance";
				INFOPLIST_KEY_UIApplicationSupportsIndirectInputEvents = YES;
				INFOPLIST_KEY_UILaunchStoryboardName = LaunchScreen;
				INFOPLIST_KEY_UIMainStoryboardFile = Main;
				INFOPLIST_KEY_UIStatusBarStyle = "";
				INFOPLIST_KEY_UISupportedInterfaceOrientations = UIInterfaceOrientationPortrait;
				INFOPLIST_KEY_UISupportedInterfaceOrientations_iPad = "UIInterfaceOrientationLandscapeLeft UIInterfaceOrientationLandscapeRight UIInterfaceOrientationPortrait UIInterfaceOrientationPortraitUpsideDown";
				LD_RUNPATH_SEARCH_PATHS = (
					"$(inherited)",
					"@executable_path/Frameworks",
				);
				MARKETING_VERSION = 1.0;
				PRODUCT_BUNDLE_IDENTIFIER = Fabianstiewe.seasonalyze;
				PRODUCT_NAME = "$(TARGET_NAME)";
				PROVISIONING_PROFILE_SPECIFIER = "";
				SWIFT_EMIT_LOC_STRINGS = YES;
				SWIFT_VERSION = 5.0;
				TARGETED_DEVICE_FAMILY = "1,2";
			};
			name = Release;
		};
		1F5E48FA29AB5FDB0073E735 /* Debug */ = {
			isa = XCBuildConfiguration;
			baseConfigurationReference = D8A2964AA8BE9D744B3D021F /* Pods-seasonalyzeTests.debug.xcconfig */;
			buildSettings = {
				ALWAYS_EMBED_SWIFT_STANDARD_LIBRARIES = YES;
				BUNDLE_LOADER = "$(TEST_HOST)";
				CODE_SIGN_STYLE = Automatic;
				CURRENT_PROJECT_VERSION = 1;
				DEVELOPMENT_TEAM = S33M37958A;
				GENERATE_INFOPLIST_FILE = YES;
				IPHONEOS_DEPLOYMENT_TARGET = 16.2;
				MARKETING_VERSION = 1.0;
				PRODUCT_BUNDLE_IDENTIFIER = Fabianstiewe.seasonalyzeTests;
				PRODUCT_NAME = "$(TARGET_NAME)";
				SWIFT_EMIT_LOC_STRINGS = NO;
				SWIFT_VERSION = 5.0;
				TARGETED_DEVICE_FAMILY = "1,2";
				TEST_HOST = "$(BUILT_PRODUCTS_DIR)/seasonalyze.app/$(BUNDLE_EXECUTABLE_FOLDER_PATH)/seasonalyze";
			};
			name = Debug;
		};
		1F5E48FB29AB5FDB0073E735 /* Release */ = {
			isa = XCBuildConfiguration;
			baseConfigurationReference = CAB9FCC1F2F4D96C18FF455A /* Pods-seasonalyzeTests.release.xcconfig */;
			buildSettings = {
				ALWAYS_EMBED_SWIFT_STANDARD_LIBRARIES = YES;
				BUNDLE_LOADER = "$(TEST_HOST)";
				CODE_SIGN_STYLE = Automatic;
				CURRENT_PROJECT_VERSION = 1;
				DEVELOPMENT_TEAM = S33M37958A;
				GENERATE_INFOPLIST_FILE = YES;
				IPHONEOS_DEPLOYMENT_TARGET = 16.2;
				MARKETING_VERSION = 1.0;
				PRODUCT_BUNDLE_IDENTIFIER = Fabianstiewe.seasonalyzeTests;
				PRODUCT_NAME = "$(TARGET_NAME)";
				SWIFT_EMIT_LOC_STRINGS = NO;
				SWIFT_VERSION = 5.0;
				TARGETED_DEVICE_FAMILY = "1,2";
				TEST_HOST = "$(BUILT_PRODUCTS_DIR)/seasonalyze.app/$(BUNDLE_EXECUTABLE_FOLDER_PATH)/seasonalyze";
			};
			name = Release;
		};
		1F5E48FD29AB5FDB0073E735 /* Debug */ = {
			isa = XCBuildConfiguration;
			baseConfigurationReference = B917448AE152EC512A6E0764 /* Pods-seasonalyze-seasonalyzeUITests.debug.xcconfig */;
			buildSettings = {
				ALWAYS_EMBED_SWIFT_STANDARD_LIBRARIES = YES;
				CODE_SIGN_STYLE = Automatic;
				CURRENT_PROJECT_VERSION = 1;
				DEVELOPMENT_TEAM = S33M37958A;
				GENERATE_INFOPLIST_FILE = YES;
				MARKETING_VERSION = 1.0;
				PRODUCT_BUNDLE_IDENTIFIER = Fabianstiewe.seasonalyzeUITests;
				PRODUCT_NAME = "$(TARGET_NAME)";
				SWIFT_EMIT_LOC_STRINGS = NO;
				SWIFT_VERSION = 5.0;
				TARGETED_DEVICE_FAMILY = "1,2";
				TEST_TARGET_NAME = seasonalyze;
			};
			name = Debug;
		};
		1F5E48FE29AB5FDB0073E735 /* Release */ = {
			isa = XCBuildConfiguration;
			baseConfigurationReference = D37CB98FAD4EBF7AA8817891 /* Pods-seasonalyze-seasonalyzeUITests.release.xcconfig */;
			buildSettings = {
				ALWAYS_EMBED_SWIFT_STANDARD_LIBRARIES = YES;
				CODE_SIGN_STYLE = Automatic;
				CURRENT_PROJECT_VERSION = 1;
				DEVELOPMENT_TEAM = S33M37958A;
				GENERATE_INFOPLIST_FILE = YES;
				MARKETING_VERSION = 1.0;
				PRODUCT_BUNDLE_IDENTIFIER = Fabianstiewe.seasonalyzeUITests;
				PRODUCT_NAME = "$(TARGET_NAME)";
				SWIFT_EMIT_LOC_STRINGS = NO;
				SWIFT_VERSION = 5.0;
				TARGETED_DEVICE_FAMILY = "1,2";
				TEST_TARGET_NAME = seasonalyze;
			};
			name = Release;
		};
/* End XCBuildConfiguration section */

/* Begin XCConfigurationList section */
		1F5E48C429AB5FD70073E735 /* Build configuration list for PBXProject "seasonalyze" */ = {
			isa = XCConfigurationList;
			buildConfigurations = (
				1F5E48F429AB5FDB0073E735 /* Debug */,
				1F5E48F529AB5FDB0073E735 /* Release */,
			);
			defaultConfigurationIsVisible = 0;
			defaultConfigurationName = Release;
		};
		1F5E48F629AB5FDB0073E735 /* Build configuration list for PBXNativeTarget "seasonalyze" */ = {
			isa = XCConfigurationList;
			buildConfigurations = (
				1F5E48F729AB5FDB0073E735 /* Debug */,
				1F5E48F829AB5FDB0073E735 /* Release */,
			);
			defaultConfigurationIsVisible = 0;
			defaultConfigurationName = Release;
		};
		1F5E48F929AB5FDB0073E735 /* Build configuration list for PBXNativeTarget "seasonalyzeTests" */ = {
			isa = XCConfigurationList;
			buildConfigurations = (
				1F5E48FA29AB5FDB0073E735 /* Debug */,
				1F5E48FB29AB5FDB0073E735 /* Release */,
			);
			defaultConfigurationIsVisible = 0;
			defaultConfigurationName = Release;
		};
		1F5E48FC29AB5FDB0073E735 /* Build configuration list for PBXNativeTarget "seasonalyzeUITests" */ = {
			isa = XCConfigurationList;
			buildConfigurations = (
				1F5E48FD29AB5FDB0073E735 /* Debug */,
				1F5E48FE29AB5FDB0073E735 /* Release */,
			);
			defaultConfigurationIsVisible = 0;
			defaultConfigurationName = Release;
		};
/* End XCConfigurationList section */

/* Begin XCVersionGroup section */
		1F5E48D529AB5FD70073E735 /* seasonalyze.xcdatamodeld */ = {
			isa = XCVersionGroup;
			children = (
				1F5E48D629AB5FD70073E735 /* seasonalyze.xcdatamodel */,
			);
			currentVersion = 1F5E48D629AB5FD70073E735 /* seasonalyze.xcdatamodel */;
			path = seasonalyze.xcdatamodeld;
			sourceTree = "<group>";
			versionGroupType = wrapper.xcdatamodel;
		};
/* End XCVersionGroup section */
	};
	rootObject = 1F5E48C129AB5FD70073E735 /* Project object */;
}
